
Microsoft Visual Studio Solution File, Format Version 12.00
# Visual Studio Version 17
VisualStudioVersion = 17.5.33530.505
MinimumVisualStudioVersion = 10.0.40219.1
Project("{FAE04EC0-301F-11D3-BF4B-00C04F79EFBC}") = "CarGame", "CarGame\CarGame.csproj", "{7A814694-E214-408D-BC7C-A8F015ED1348}"
EndProject
Global
	GlobalSection(SolutionConfigurationPlatforms) = preSolution
		Debug|Any CPU = Debug|Any CPU
		Release|Any CPU = Release|Any CPU
	EndGlobalSection
	GlobalSection(ProjectConfigurationPlatforms) = postSolution
		{7A814694-E214-408D-BC7C-A8F015ED1348}.Debug|Any CPU.ActiveCfg = Debug|Any CPU
		{7A814694-E214-408D-BC7C-A8F015ED1348}.Debug|Any CPU.Build.0 = Debug|Any CPU
		{7A814694-E214-408D-BC7C-A8F015ED1348}.Release|Any CPU.ActiveCfg = Release|Any CPU
		{7A814694-E214-408D-BC7C-A8F015ED1348}.Release|Any CPU.Build.0 = Release|Any CPU
	EndGlobalSection
	GlobalSection(SolutionProperties) = preSolution
		HideSolutionNode = FALSE
	EndGlobalSection
	GlobalSection(ExtensibilityGlobals) = postSolution
		SolutionGuid = {806AE535-D032-461B-8BC4-0757F6F0023D}
	EndGlobalSection
EndGlobal
